
Microsoft Visual Studio Solution File, Format Version 12.00
# Visual Studio Version 17
VisualStudioVersion = 17.2.32630.192
MinimumVisualStudioVersion = 10.0.40219.1
Project("{FAE04EC0-301F-11D3-BF4B-00C04F79EFBC}") = "factory pattern", "factory pattern\factory pattern.csproj", "{3614EC8C-0DDC-407B-8B1B-ADC31B492363}"
EndProject
Global
	GlobalSection(SolutionConfigurationPlatforms) = preSolution
		Debug|Any CPU = Debug|Any CPU
		Release|Any CPU = Release|Any CPU
	EndGlobalSection
	GlobalSection(ProjectConfigurationPlatforms) = postSolution
		{3614EC8C-0DDC-407B-8B1B-ADC31B492363}.Debug|Any CPU.ActiveCfg = Debug|Any CPU
		{3614EC8C-0DDC-407B-8B1B-ADC31B492363}.Debug|Any CPU.Build.0 = Debug|Any CPU
		{3614EC8C-0DDC-407B-8B1B-ADC31B492363}.Release|Any CPU.ActiveCfg = Release|Any CPU
		{3614EC8C-0DDC-407B-8B1B-ADC31B492363}.Release|Any CPU.Build.0 = Release|Any CPU
	EndGlobalSection
	GlobalSection(SolutionProperties) = preSolution
		HideSolutionNode = FALSE
	EndGlobalSection
	GlobalSection(ExtensibilityGlobals) = postSolution
		SolutionGuid = {67712A72-05DB-4AD6-8E26-BB5575A35696}
	EndGlobalSection
EndGlobal
